// !$*UTF8*$!
{
	archiveVersion = 1;
	classes = {
	};
	objectVersion = 46;
	objects = {

/* Begin PBXBuildFile section */
		2642F8351F4A474C00FC65AA /* apu_audioprocessingunit.cpp in Sources */ = {isa = PBXBuildFile; fileRef = 2642F82A1F4A474C00FC65AA /* apu_audioprocessingunit.cpp */; };
		2642F8361F4A474C00FC65AA /* apu_defaultlogger.cpp in Sources */ = {isa = PBXBuildFile; fileRef = 2642F82B1F4A474C00FC65AA /* apu_defaultlogger.cpp */; };
		2642F8371F4A474C00FC65AA /* apu_file.cpp in Sources */ = {isa = PBXBuildFile; fileRef = 2642F82C1F4A474C00FC65AA /* apu_file.cpp */; };
		2642F8381F4A474C00FC65AA /* apu_number.cpp in Sources */ = {isa = PBXBuildFile; fileRef = 2642F82D1F4A474C00FC65AA /* apu_number.cpp */; };
		2642F8391F4A474C00FC65AA /* apu_obj.cpp in Sources */ = {isa = PBXBuildFile; fileRef = 2642F82E1F4A474C00FC65AA /* apu_obj.cpp */; };
		2642F83A1F4A474C00FC65AA /* apu_osc.cpp in Sources */ = {isa = PBXBuildFile; fileRef = 2642F82F1F4A474C00FC65AA /* apu_osc.cpp */; };
		2642F83B1F4A474C00FC65AA /* apu_pahost.cpp in Sources */ = {isa = PBXBuildFile; fileRef = 2642F8301F4A474C00FC65AA /* apu_pahost.cpp */; };
		2642F83C1F4A474C00FC65AA /* apu_parameter.cpp in Sources */ = {isa = PBXBuildFile; fileRef = 2642F8311F4A474C00FC65AA /* apu_parameter.cpp */; };
		2642F83D1F4A474C00FC65AA /* apu_parametermap.cpp in Sources */ = {isa = PBXBuildFile; fileRef = 2642F8321F4A474C00FC65AA /* apu_parametermap.cpp */; };
		2642F83E1F4A474C00FC65AA /* apu_str.cpp in Sources */ = {isa = PBXBuildFile; fileRef = 2642F8331F4A474C00FC65AA /* apu_str.cpp */; };
		2642F83F1F4A474C00FC65AA /* apu_thread_manager.cpp in Sources */ = {isa = PBXBuildFile; fileRef = 2642F8341F4A474C00FC65AA /* apu_thread_manager.cpp */; };
		2642F8471F4A477400FC65AA /* apu_audioprocessingunit_private.hpp in Headers */ = {isa = PBXBuildFile; fileRef = 2642F8401F4A477400FC65AA /* apu_audioprocessingunit_private.hpp */; };
		2642F8481F4A477400FC65AA /* apu_file_private.hpp in Headers */ = {isa = PBXBuildFile; fileRef = 2642F8411F4A477400FC65AA /* apu_file_private.hpp */; };
		2642F8491F4A477400FC65AA /* apu_logger_private.hpp in Headers */ = {isa = PBXBuildFile; fileRef = 2642F8421F4A477400FC65AA /* apu_logger_private.hpp */; };
		2642F84A1F4A477400FC65AA /* apu_osc_private.hpp in Headers */ = {isa = PBXBuildFile; fileRef = 2642F8431F4A477400FC65AA /* apu_osc_private.hpp */; };
		2642F84B1F4A477400FC65AA /* apu_pahost_private.hpp in Headers */ = {isa = PBXBuildFile; fileRef = 2642F8441F4A477400FC65AA /* apu_pahost_private.hpp */; };
		2642F84C1F4A477400FC65AA /* apu_parameter_private.hpp in Headers */ = {isa = PBXBuildFile; fileRef = 2642F8451F4A477400FC65AA /* apu_parameter_private.hpp */; };
		2642F84D1F4A477400FC65AA /* apu_str_private.hpp in Headers */ = {isa = PBXBuildFile; fileRef = 2642F8461F4A477400FC65AA /* apu_str_private.hpp */; };
		2642F85E1F4A478700FC65AA /* apu_array.hpp in Headers */ = {isa = PBXBuildFile; fileRef = 2642F84E1F4A478700FC65AA /* apu_array.hpp */; };
		2642F85F1F4A478700FC65AA /* apu_audioprocessingunit.hpp in Headers */ = {isa = PBXBuildFile; fileRef = 2642F84F1F4A478700FC65AA /* apu_audioprocessingunit.hpp */; };
		2642F8601F4A478700FC65AA /* apu_file.hpp in Headers */ = {isa = PBXBuildFile; fileRef = 2642F8501F4A478700FC65AA /* apu_file.hpp */; };
		2642F8611F4A478700FC65AA /* apu_host.hpp in Headers */ = {isa = PBXBuildFile; fileRef = 2642F8511F4A478700FC65AA /* apu_host.hpp */; };
		2642F8621F4A478700FC65AA /* apu_logger.hpp in Headers */ = {isa = PBXBuildFile; fileRef = 2642F8521F4A478700FC65AA /* apu_logger.hpp */; };
		2642F8631F4A478700FC65AA /* apu_mod.hpp in Headers */ = {isa = PBXBuildFile; fileRef = 2642F8531F4A478700FC65AA /* apu_mod.hpp */; };
		2642F8641F4A478700FC65AA /* apu_number.hpp in Headers */ = {isa = PBXBuildFile; fileRef = 2642F8541F4A478700FC65AA /* apu_number.hpp */; };
		2642F8651F4A478700FC65AA /* apu_obj_enum.hpp in Headers */ = {isa = PBXBuildFile; fileRef = 2642F8551F4A478700FC65AA /* apu_obj_enum.hpp */; };
		2642F8661F4A478700FC65AA /* apu_obj.hpp in Headers */ = {isa = PBXBuildFile; fileRef = 2642F8561F4A478700FC65AA /* apu_obj.hpp */; };
		2642F8671F4A478700FC65AA /* apu_objmap.hpp in Headers */ = {isa = PBXBuildFile; fileRef = 2642F8571F4A478700FC65AA /* apu_objmap.hpp */; };
		2642F8681F4A478700FC65AA /* apu_osc.hpp in Headers */ = {isa = PBXBuildFile; fileRef = 2642F8581F4A478700FC65AA /* apu_osc.hpp */; };
		2642F8691F4A478700FC65AA /* apu_pahost.hpp in Headers */ = {isa = PBXBuildFile; fileRef = 2642F8591F4A478700FC65AA /* apu_pahost.hpp */; };
		2642F86A1F4A478700FC65AA /* apu_parameter.hpp in Headers */ = {isa = PBXBuildFile; fileRef = 2642F85A1F4A478700FC65AA /* apu_parameter.hpp */; };
		2642F86B1F4A478700FC65AA /* apu_parametermap.hpp in Headers */ = {isa = PBXBuildFile; fileRef = 2642F85B1F4A478700FC65AA /* apu_parametermap.hpp */; };
		2642F86C1F4A478700FC65AA /* apu_str.hpp in Headers */ = {isa = PBXBuildFile; fileRef = 2642F85C1F4A478700FC65AA /* apu_str.hpp */; };
		2642F86D1F4A478700FC65AA /* apu_thread_manager.hpp in Headers */ = {isa = PBXBuildFile; fileRef = 2642F85D1F4A478700FC65AA /* apu_thread_manager.hpp */; };
		A32DC7511EBE16430090C6D9 /* aputils.h in Headers */ = {isa = PBXBuildFile; fileRef = A35849A71EBA86040007475F /* aputils.h */; };
		A36A7FE01ED1FA9700C99432 /* portaudio_host.cpp in Sources */ = {isa = PBXBuildFile; fileRef = A3AFD6471EB16AAF00238AEA /* portaudio_host.cpp */; };
		A39E3A111F5CDC930070A45C /* apu_loader.cpp in Sources */ = {isa = PBXBuildFile; fileRef = A39E3A101F5CDC930070A45C /* apu_loader.cpp */; };
		A3AFD6601EB16AAF00238AEA /* portaudio_host.cpp in Sources */ = {isa = PBXBuildFile; fileRef = A3AFD6471EB16AAF00238AEA /* portaudio_host.cpp */; };
		A3E2BA8B1EB8B3DF00FE0280 /* portaudio_host.hpp in Headers */ = {isa = PBXBuildFile; fileRef = A3E2BA821EB8B3DF00FE0280 /* portaudio_host.hpp */; settings = {ATTRIBUTES = (Public, ); }; };
		A3E82B231ED0A1B500E52E8B /* dsptest.cpp in Sources */ = {isa = PBXBuildFile; fileRef = A3E82B171ED0A16600E52E8B /* dsptest.cpp */; };
/* End PBXBuildFile section */

/* Begin PBXCopyFilesBuildPhase section */
		A3E82B1A1ED0A1A100E52E8B /* CopyFiles */ = {
			isa = PBXCopyFilesBuildPhase;
			buildActionMask = 2147483647;
			dstPath = /usr/share/man/man1/;
			dstSubfolderSpec = 0;
			files = (
			);
			runOnlyForDeploymentPostprocessing = 1;
		};
/* End PBXCopyFilesBuildPhase section */

/* Begin PBXFileReference section */
		2642F82A1F4A474C00FC65AA /* apu_audioprocessingunit.cpp */ = {isa = PBXFileReference; fileEncoding = 4; lastKnownFileType = sourcecode.cpp.cpp; name = apu_audioprocessingunit.cpp; path = src/apu_audioprocessingunit.cpp; sourceTree = "<group>"; };
		2642F82B1F4A474C00FC65AA /* apu_defaultlogger.cpp */ = {isa = PBXFileReference; fileEncoding = 4; lastKnownFileType = sourcecode.cpp.cpp; name = apu_defaultlogger.cpp; path = src/apu_defaultlogger.cpp; sourceTree = "<group>"; };
		2642F82C1F4A474C00FC65AA /* apu_file.cpp */ = {isa = PBXFileReference; fileEncoding = 4; lastKnownFileType = sourcecode.cpp.cpp; name = apu_file.cpp; path = src/apu_file.cpp; sourceTree = "<group>"; };
		2642F82D1F4A474C00FC65AA /* apu_number.cpp */ = {isa = PBXFileReference; fileEncoding = 4; lastKnownFileType = sourcecode.cpp.cpp; name = apu_number.cpp; path = src/apu_number.cpp; sourceTree = "<group>"; };
		2642F82E1F4A474C00FC65AA /* apu_obj.cpp */ = {isa = PBXFileReference; fileEncoding = 4; lastKnownFileType = sourcecode.cpp.cpp; name = apu_obj.cpp; path = src/apu_obj.cpp; sourceTree = "<group>"; };
		2642F82F1F4A474C00FC65AA /* apu_osc.cpp */ = {isa = PBXFileReference; fileEncoding = 4; lastKnownFileType = sourcecode.cpp.cpp; name = apu_osc.cpp; path = src/apu_osc.cpp; sourceTree = "<group>"; };
		2642F8301F4A474C00FC65AA /* apu_pahost.cpp */ = {isa = PBXFileReference; fileEncoding = 4; lastKnownFileType = sourcecode.cpp.cpp; name = apu_pahost.cpp; path = src/apu_pahost.cpp; sourceTree = "<group>"; };
		2642F8311F4A474C00FC65AA /* apu_parameter.cpp */ = {isa = PBXFileReference; fileEncoding = 4; lastKnownFileType = sourcecode.cpp.cpp; name = apu_parameter.cpp; path = src/apu_parameter.cpp; sourceTree = "<group>"; };
		2642F8321F4A474C00FC65AA /* apu_parametermap.cpp */ = {isa = PBXFileReference; fileEncoding = 4; lastKnownFileType = sourcecode.cpp.cpp; name = apu_parametermap.cpp; path = src/apu_parametermap.cpp; sourceTree = "<group>"; };
		2642F8331F4A474C00FC65AA /* apu_str.cpp */ = {isa = PBXFileReference; fileEncoding = 4; lastKnownFileType = sourcecode.cpp.cpp; name = apu_str.cpp; path = src/apu_str.cpp; sourceTree = "<group>"; };
		2642F8341F4A474C00FC65AA /* apu_thread_manager.cpp */ = {isa = PBXFileReference; fileEncoding = 4; lastKnownFileType = sourcecode.cpp.cpp; name = apu_thread_manager.cpp; path = src/apu_thread_manager.cpp; sourceTree = "<group>"; };
		2642F8401F4A477400FC65AA /* apu_audioprocessingunit_private.hpp */ = {isa = PBXFileReference; fileEncoding = 4; lastKnownFileType = sourcecode.cpp.h; name = apu_audioprocessingunit_private.hpp; path = src/apu_audioprocessingunit_private.hpp; sourceTree = "<group>"; };
		2642F8411F4A477400FC65AA /* apu_file_private.hpp */ = {isa = PBXFileReference; fileEncoding = 4; lastKnownFileType = sourcecode.cpp.h; name = apu_file_private.hpp; path = src/apu_file_private.hpp; sourceTree = "<group>"; };
		2642F8421F4A477400FC65AA /* apu_logger_private.hpp */ = {isa = PBXFileReference; fileEncoding = 4; lastKnownFileType = sourcecode.cpp.h; name = apu_logger_private.hpp; path = src/apu_logger_private.hpp; sourceTree = "<group>"; };
		2642F8431F4A477400FC65AA /* apu_osc_private.hpp */ = {isa = PBXFileReference; fileEncoding = 4; lastKnownFileType = sourcecode.cpp.h; name = apu_osc_private.hpp; path = src/apu_osc_private.hpp; sourceTree = "<group>"; };
		2642F8441F4A477400FC65AA /* apu_pahost_private.hpp */ = {isa = PBXFileReference; fileEncoding = 4; lastKnownFileType = sourcecode.cpp.h; name = apu_pahost_private.hpp; path = src/apu_pahost_private.hpp; sourceTree = "<group>"; };
		2642F8451F4A477400FC65AA /* apu_parameter_private.hpp */ = {isa = PBXFileReference; fileEncoding = 4; lastKnownFileType = sourcecode.cpp.h; name = apu_parameter_private.hpp; path = src/apu_parameter_private.hpp; sourceTree = "<group>"; };
		2642F8461F4A477400FC65AA /* apu_str_private.hpp */ = {isa = PBXFileReference; fileEncoding = 4; lastKnownFileType = sourcecode.cpp.h; name = apu_str_private.hpp; path = src/apu_str_private.hpp; sourceTree = "<group>"; };
		2642F84E1F4A478700FC65AA /* apu_array.hpp */ = {isa = PBXFileReference; fileEncoding = 4; lastKnownFileType = sourcecode.cpp.h; name = apu_array.hpp; path = include/apu_array.hpp; sourceTree = "<group>"; };
		2642F84F1F4A478700FC65AA /* apu_audioprocessingunit.hpp */ = {isa = PBXFileReference; fileEncoding = 4; lastKnownFileType = sourcecode.cpp.h; name = apu_audioprocessingunit.hpp; path = include/apu_audioprocessingunit.hpp; sourceTree = "<group>"; };
		2642F8501F4A478700FC65AA /* apu_file.hpp */ = {isa = PBXFileReference; fileEncoding = 4; lastKnownFileType = sourcecode.cpp.h; name = apu_file.hpp; path = include/apu_file.hpp; sourceTree = "<group>"; };
		2642F8511F4A478700FC65AA /* apu_host.hpp */ = {isa = PBXFileReference; fileEncoding = 4; lastKnownFileType = sourcecode.cpp.h; name = apu_host.hpp; path = include/apu_host.hpp; sourceTree = "<group>"; };
		2642F8521F4A478700FC65AA /* apu_logger.hpp */ = {isa = PBXFileReference; fileEncoding = 4; lastKnownFileType = sourcecode.cpp.h; name = apu_logger.hpp; path = include/apu_logger.hpp; sourceTree = "<group>"; };
		2642F8531F4A478700FC65AA /* apu_mod.hpp */ = {isa = PBXFileReference; fileEncoding = 4; lastKnownFileType = sourcecode.cpp.h; name = apu_mod.hpp; path = include/apu_mod.hpp; sourceTree = "<group>"; };
		2642F8541F4A478700FC65AA /* apu_number.hpp */ = {isa = PBXFileReference; fileEncoding = 4; lastKnownFileType = sourcecode.cpp.h; name = apu_number.hpp; path = include/apu_number.hpp; sourceTree = "<group>"; };
		2642F8551F4A478700FC65AA /* apu_obj_enum.hpp */ = {isa = PBXFileReference; fileEncoding = 4; lastKnownFileType = sourcecode.cpp.h; name = apu_obj_enum.hpp; path = include/apu_obj_enum.hpp; sourceTree = "<group>"; };
		2642F8561F4A478700FC65AA /* apu_obj.hpp */ = {isa = PBXFileReference; fileEncoding = 4; lastKnownFileType = sourcecode.cpp.h; name = apu_obj.hpp; path = include/apu_obj.hpp; sourceTree = "<group>"; };
		2642F8571F4A478700FC65AA /* apu_objmap.hpp */ = {isa = PBXFileReference; fileEncoding = 4; lastKnownFileType = sourcecode.cpp.h; name = apu_objmap.hpp; path = include/apu_objmap.hpp; sourceTree = "<group>"; };
		2642F8581F4A478700FC65AA /* apu_osc.hpp */ = {isa = PBXFileReference; fileEncoding = 4; lastKnownFileType = sourcecode.cpp.h; name = apu_osc.hpp; path = include/apu_osc.hpp; sourceTree = "<group>"; };
		2642F8591F4A478700FC65AA /* apu_pahost.hpp */ = {isa = PBXFileReference; fileEncoding = 4; lastKnownFileType = sourcecode.cpp.h; name = apu_pahost.hpp; path = include/apu_pahost.hpp; sourceTree = "<group>"; };
		2642F85A1F4A478700FC65AA /* apu_parameter.hpp */ = {isa = PBXFileReference; fileEncoding = 4; lastKnownFileType = sourcecode.cpp.h; name = apu_parameter.hpp; path = include/apu_parameter.hpp; sourceTree = "<group>"; };
		2642F85B1F4A478700FC65AA /* apu_parametermap.hpp */ = {isa = PBXFileReference; fileEncoding = 4; lastKnownFileType = sourcecode.cpp.h; name = apu_parametermap.hpp; path = include/apu_parametermap.hpp; sourceTree = "<group>"; };
		2642F85C1F4A478700FC65AA /* apu_str.hpp */ = {isa = PBXFileReference; fileEncoding = 4; lastKnownFileType = sourcecode.cpp.h; name = apu_str.hpp; path = include/apu_str.hpp; sourceTree = "<group>"; };
		2642F85D1F4A478700FC65AA /* apu_thread_manager.hpp */ = {isa = PBXFileReference; fileEncoding = 4; lastKnownFileType = sourcecode.cpp.h; name = apu_thread_manager.hpp; path = include/apu_thread_manager.hpp; sourceTree = "<group>"; };
		A35849A71EBA86040007475F /* aputils.h */ = {isa = PBXFileReference; lastKnownFileType = sourcecode.c.h; name = aputils.h; path = include/aputils.h; sourceTree = "<group>"; };
		A39E3A0F1F5CDC630070A45C /* apu_loader.hpp */ = {isa = PBXFileReference; lastKnownFileType = sourcecode.cpp.h; name = apu_loader.hpp; path = include/apu_loader.hpp; sourceTree = "<group>"; };
		A39E3A101F5CDC930070A45C /* apu_loader.cpp */ = {isa = PBXFileReference; fileEncoding = 4; lastKnownFileType = sourcecode.cpp.cpp; name = apu_loader.cpp; path = src/apu_loader.cpp; sourceTree = "<group>"; };
		A3AFD63C1EB16A9000238AEA /* liblibaputils.a */ = {isa = PBXFileReference; explicitFileType = archive.ar; includeInIndex = 0; path = liblibaputils.a; sourceTree = BUILT_PRODUCTS_DIR; };
		A3AFD6471EB16AAF00238AEA /* portaudio_host.cpp */ = {isa = PBXFileReference; fileEncoding = 4; lastKnownFileType = sourcecode.cpp.cpp; name = portaudio_host.cpp; path = src/portaudio_host.cpp; sourceTree = "<group>"; };
		A3E2BA821EB8B3DF00FE0280 /* portaudio_host.hpp */ = {isa = PBXFileReference; fileEncoding = 4; lastKnownFileType = sourcecode.cpp.h; name = portaudio_host.hpp; path = include/portaudio_host.hpp; sourceTree = "<group>"; };
		A3E82B171ED0A16600E52E8B /* dsptest.cpp */ = {isa = PBXFileReference; lastKnownFileType = sourcecode.cpp.cpp; name = dsptest.cpp; path = test/dsptest/dsptest.cpp; sourceTree = "<group>"; };
		A3E82B1C1ED0A1A100E52E8B /* dsptest */ = {isa = PBXFileReference; explicitFileType = "compiled.mach-o.executable"; includeInIndex = 0; path = dsptest; sourceTree = BUILT_PRODUCTS_DIR; };
/* End PBXFileReference section */

/* Begin PBXFrameworksBuildPhase section */
		A3AFD6391EB16A9000238AEA /* Frameworks */ = {
			isa = PBXFrameworksBuildPhase;
			buildActionMask = 2147483647;
			files = (
			);
			runOnlyForDeploymentPostprocessing = 0;
		};
		A3E82B191ED0A1A100E52E8B /* Frameworks */ = {
			isa = PBXFrameworksBuildPhase;
			buildActionMask = 2147483647;
			files = (
			);
			runOnlyForDeploymentPostprocessing = 0;
		};
/* End PBXFrameworksBuildPhase section */

/* Begin PBXGroup section */
		A3AFD6331EB16A9000238AEA = {
			isa = PBXGroup;
			children = (
				A3C839031EB8275A00C50FC4 /* include */,
				A3C839041EB8277900C50FC4 /* private-headers */,
				A3AFD6431EB16AA400238AEA /* src */,
				A3E82B161ED0A11C00E52E8B /* test */,
				A3AFD63D1EB16A9000238AEA /* Products */,
			);
			sourceTree = "<group>";
		};
		A3AFD63D1EB16A9000238AEA /* Products */ = {
			isa = PBXGroup;
			children = (
				A3AFD63C1EB16A9000238AEA /* liblibaputils.a */,
				A3E82B1C1ED0A1A100E52E8B /* dsptest */,
			);
			name = Products;
			sourceTree = "<group>";
		};
		A3AFD6431EB16AA400238AEA /* src */ = {
			isa = PBXGroup;
			children = (
				2642F82A1F4A474C00FC65AA /* apu_audioprocessingunit.cpp */,
				2642F82B1F4A474C00FC65AA /* apu_defaultlogger.cpp */,
				2642F82C1F4A474C00FC65AA /* apu_file.cpp */,
				A39E3A101F5CDC930070A45C /* apu_loader.cpp */,
				2642F82D1F4A474C00FC65AA /* apu_number.cpp */,
				2642F82E1F4A474C00FC65AA /* apu_obj.cpp */,
				2642F82F1F4A474C00FC65AA /* apu_osc.cpp */,
				2642F8301F4A474C00FC65AA /* apu_pahost.cpp */,
				2642F8311F4A474C00FC65AA /* apu_parameter.cpp */,
				2642F8321F4A474C00FC65AA /* apu_parametermap.cpp */,
				2642F8331F4A474C00FC65AA /* apu_str.cpp */,
				2642F8341F4A474C00FC65AA /* apu_thread_manager.cpp */,
				A3AFD6471EB16AAF00238AEA /* portaudio_host.cpp */,
			);
			name = src;
			sourceTree = "<group>";
		};
		A3C839031EB8275A00C50FC4 /* include */ = {
			isa = PBXGroup;
			children = (
				2642F84E1F4A478700FC65AA /* apu_array.hpp */,
				2642F84F1F4A478700FC65AA /* apu_audioprocessingunit.hpp */,
				2642F8501F4A478700FC65AA /* apu_file.hpp */,
				2642F8511F4A478700FC65AA /* apu_host.hpp */,
				A39E3A0F1F5CDC630070A45C /* apu_loader.hpp */,
				2642F8521F4A478700FC65AA /* apu_logger.hpp */,
				2642F8531F4A478700FC65AA /* apu_mod.hpp */,
				2642F8541F4A478700FC65AA /* apu_number.hpp */,
				2642F8551F4A478700FC65AA /* apu_obj_enum.hpp */,
				2642F8561F4A478700FC65AA /* apu_obj.hpp */,
				2642F8571F4A478700FC65AA /* apu_objmap.hpp */,
				2642F8581F4A478700FC65AA /* apu_osc.hpp */,
				2642F8591F4A478700FC65AA /* apu_pahost.hpp */,
				2642F85A1F4A478700FC65AA /* apu_parameter.hpp */,
				2642F85B1F4A478700FC65AA /* apu_parametermap.hpp */,
				2642F85C1F4A478700FC65AA /* apu_str.hpp */,
				2642F85D1F4A478700FC65AA /* apu_thread_manager.hpp */,
				A35849A71EBA86040007475F /* aputils.h */,
			);
			name = include;
			sourceTree = "<group>";
		};
		A3C839041EB8277900C50FC4 /* private-headers */ = {
			isa = PBXGroup;
			children = (
				2642F8401F4A477400FC65AA /* apu_audioprocessingunit_private.hpp */,
				2642F8411F4A477400FC65AA /* apu_file_private.hpp */,
				2642F8421F4A477400FC65AA /* apu_logger_private.hpp */,
				2642F8431F4A477400FC65AA /* apu_osc_private.hpp */,
				2642F8441F4A477400FC65AA /* apu_pahost_private.hpp */,
				2642F8451F4A477400FC65AA /* apu_parameter_private.hpp */,
				2642F8461F4A477400FC65AA /* apu_str_private.hpp */,
				A3E2BA821EB8B3DF00FE0280 /* portaudio_host.hpp */,
			);
			name = "private-headers";
			sourceTree = "<group>";
		};
		A3E82B161ED0A11C00E52E8B /* test */ = {
			isa = PBXGroup;
			children = (
				A3E82B171ED0A16600E52E8B /* dsptest.cpp */,
			);
			name = test;
			sourceTree = "<group>";
		};
/* End PBXGroup section */

/* Begin PBXHeadersBuildPhase section */
		A3AFD63A1EB16A9000238AEA /* Headers */ = {
			isa = PBXHeadersBuildPhase;
			buildActionMask = 2147483647;
			files = (
				A32DC7511EBE16430090C6D9 /* aputils.h in Headers */,
				2642F85E1F4A478700FC65AA /* apu_array.hpp in Headers */,
				2642F8641F4A478700FC65AA /* apu_number.hpp in Headers */,
				2642F8491F4A477400FC65AA /* apu_logger_private.hpp in Headers */,
				2642F8671F4A478700FC65AA /* apu_objmap.hpp in Headers */,
				2642F8621F4A478700FC65AA /* apu_logger.hpp in Headers */,
				2642F8691F4A478700FC65AA /* apu_pahost.hpp in Headers */,
				2642F8601F4A478700FC65AA /* apu_file.hpp in Headers */,
				2642F8481F4A477400FC65AA /* apu_file_private.hpp in Headers */,
				2642F8631F4A478700FC65AA /* apu_mod.hpp in Headers */,
				2642F86D1F4A478700FC65AA /* apu_thread_manager.hpp in Headers */,
				2642F84A1F4A477400FC65AA /* apu_osc_private.hpp in Headers */,
				2642F84B1F4A477400FC65AA /* apu_pahost_private.hpp in Headers */,
				2642F8681F4A478700FC65AA /* apu_osc.hpp in Headers */,
				2642F84D1F4A477400FC65AA /* apu_str_private.hpp in Headers */,
				2642F85F1F4A478700FC65AA /* apu_audioprocessingunit.hpp in Headers */,
				2642F86C1F4A478700FC65AA /* apu_str.hpp in Headers */,
				2642F86A1F4A478700FC65AA /* apu_parameter.hpp in Headers */,
				A3E2BA8B1EB8B3DF00FE0280 /* portaudio_host.hpp in Headers */,
				2642F8611F4A478700FC65AA /* apu_host.hpp in Headers */,
				2642F8471F4A477400FC65AA /* apu_audioprocessingunit_private.hpp in Headers */,
				2642F8661F4A478700FC65AA /* apu_obj.hpp in Headers */,
				2642F84C1F4A477400FC65AA /* apu_parameter_private.hpp in Headers */,
				2642F86B1F4A478700FC65AA /* apu_parametermap.hpp in Headers */,
				2642F8651F4A478700FC65AA /* apu_obj_enum.hpp in Headers */,
			);
			runOnlyForDeploymentPostprocessing = 0;
		};
/* End PBXHeadersBuildPhase section */

/* Begin PBXNativeTarget section */
		A3AFD63B1EB16A9000238AEA /* libaputils */ = {
			isa = PBXNativeTarget;
			buildConfigurationList = A3AFD6401EB16A9000238AEA /* Build configuration list for PBXNativeTarget "libaputils" */;
			buildPhases = (
				A3AFD6381EB16A9000238AEA /* Sources */,
				A3AFD6391EB16A9000238AEA /* Frameworks */,
				A3AFD63A1EB16A9000238AEA /* Headers */,
			);
			buildRules = (
			);
			dependencies = (
			);
			name = libaputils;
			productName = libaputils;
			productReference = A3AFD63C1EB16A9000238AEA /* liblibaputils.a */;
			productType = "com.apple.product-type.library.static";
		};
		A3E82B1B1ED0A1A100E52E8B /* dsptest */ = {
			isa = PBXNativeTarget;
			buildConfigurationList = A3E82B201ED0A1A100E52E8B /* Build configuration list for PBXNativeTarget "dsptest" */;
			buildPhases = (
				A3E82B181ED0A1A100E52E8B /* Sources */,
				A3E82B191ED0A1A100E52E8B /* Frameworks */,
				A3E82B1A1ED0A1A100E52E8B /* CopyFiles */,
			);
			buildRules = (
			);
			dependencies = (
			);
			name = dsptest;
			productName = dsptest;
			productReference = A3E82B1C1ED0A1A100E52E8B /* dsptest */;
			productType = "com.apple.product-type.tool";
		};
/* End PBXNativeTarget section */

/* Begin PBXProject section */
		A3AFD6341EB16A9000238AEA /* Project object */ = {
			isa = PBXProject;
			attributes = {
				LastUpgradeCheck = 0830;
				ORGANIZATIONNAME = "Luke Habermehl";
				TargetAttributes = {
					A3AFD63B1EB16A9000238AEA = {
						CreatedOnToolsVersion = 8.3.2;
						DevelopmentTeam = E9AX325F7B;
						ProvisioningStyle = Automatic;
					};
					A3E82B1B1ED0A1A100E52E8B = {
						CreatedOnToolsVersion = 8.3.2;
						DevelopmentTeam = E9AX325F7B;
						ProvisioningStyle = Automatic;
					};
				};
			};
			buildConfigurationList = A3AFD6371EB16A9000238AEA /* Build configuration list for PBXProject "libaputils" */;
			compatibilityVersion = "Xcode 3.2";
			developmentRegion = English;
			hasScannedForEncodings = 0;
			knownRegions = (
				en,
			);
			mainGroup = A3AFD6331EB16A9000238AEA;
			productRefGroup = A3AFD63D1EB16A9000238AEA /* Products */;
			projectDirPath = "";
			projectRoot = "";
			targets = (
				A3AFD63B1EB16A9000238AEA /* libaputils */,
				A3E82B1B1ED0A1A100E52E8B /* dsptest */,
			);
		};
/* End PBXProject section */

/* Begin PBXSourcesBuildPhase section */
		A3AFD6381EB16A9000238AEA /* Sources */ = {
			isa = PBXSourcesBuildPhase;
			buildActionMask = 2147483647;
			files = (
				2642F8391F4A474C00FC65AA /* apu_obj.cpp in Sources */,
				2642F8351F4A474C00FC65AA /* apu_audioprocessingunit.cpp in Sources */,
				2642F83F1F4A474C00FC65AA /* apu_thread_manager.cpp in Sources */,
				2642F8361F4A474C00FC65AA /* apu_defaultlogger.cpp in Sources */,
				2642F83D1F4A474C00FC65AA /* apu_parametermap.cpp in Sources */,
				2642F83C1F4A474C00FC65AA /* apu_parameter.cpp in Sources */,
				2642F83B1F4A474C00FC65AA /* apu_pahost.cpp in Sources */,
				2642F8371F4A474C00FC65AA /* apu_file.cpp in Sources */,
				2642F83A1F4A474C00FC65AA /* apu_osc.cpp in Sources */,
				A3AFD6601EB16AAF00238AEA /* portaudio_host.cpp in Sources */,
				A39E3A111F5CDC930070A45C /* apu_loader.cpp in Sources */,
				2642F8381F4A474C00FC65AA /* apu_number.cpp in Sources */,
				2642F83E1F4A474C00FC65AA /* apu_str.cpp in Sources */,
			);
			runOnlyForDeploymentPostprocessing = 0;
		};
		A3E82B181ED0A1A100E52E8B /* Sources */ = {
			isa = PBXSourcesBuildPhase;
			buildActionMask = 2147483647;
			files = (
				A3E82B231ED0A1B500E52E8B /* dsptest.cpp in Sources */,
				A36A7FE01ED1FA9700C99432 /* portaudio_host.cpp in Sources */,
			);
			runOnlyForDeploymentPostprocessing = 0;
		};
/* End PBXSourcesBuildPhase section */

/* Begin XCBuildConfiguration section */
		A3AFD63E1EB16A9000238AEA /* Debug */ = {
			isa = XCBuildConfiguration;
			buildSettings = {
				ALWAYS_SEARCH_USER_PATHS = NO;
				CLANG_ANALYZER_NONNULL = YES;
				CLANG_ANALYZER_NUMBER_OBJECT_CONVERSION = YES_AGGRESSIVE;
				CLANG_CXX_LANGUAGE_STANDARD = "gnu++0x";
				CLANG_CXX_LIBRARY = "libc++";
				CLANG_ENABLE_MODULES = YES;
				CLANG_ENABLE_OBJC_ARC = YES;
				CLANG_WARN_BOOL_CONVERSION = YES;
				CLANG_WARN_CONSTANT_CONVERSION = YES;
				CLANG_WARN_DIRECT_OBJC_ISA_USAGE = YES_ERROR;
				CLANG_WARN_DOCUMENTATION_COMMENTS = YES;
				CLANG_WARN_EMPTY_BODY = YES;
				CLANG_WARN_ENUM_CONVERSION = YES;
				CLANG_WARN_INFINITE_RECURSION = YES;
				CLANG_WARN_INT_CONVERSION = YES;
				CLANG_WARN_OBJC_ROOT_CLASS = YES_ERROR;
				CLANG_WARN_SUSPICIOUS_MOVE = YES;
				CLANG_WARN_UNREACHABLE_CODE = YES;
				CLANG_WARN__DUPLICATE_METHOD_MATCH = YES;
				CODE_SIGN_IDENTITY = "-";
				COPY_PHASE_STRIP = NO;
				DEBUG_INFORMATION_FORMAT = dwarf;
				ENABLE_STRICT_OBJC_MSGSEND = YES;
				ENABLE_TESTABILITY = YES;
				GCC_C_LANGUAGE_STANDARD = gnu99;
				GCC_DYNAMIC_NO_PIC = NO;
				GCC_NO_COMMON_BLOCKS = YES;
				GCC_OPTIMIZATION_LEVEL = 0;
				GCC_PREPROCESSOR_DEFINITIONS = (
					"DEBUG=1",
					"$(inherited)",
				);
				GCC_WARN_64_TO_32_BIT_CONVERSION = YES;
				GCC_WARN_ABOUT_RETURN_TYPE = YES_ERROR;
				GCC_WARN_UNDECLARED_SELECTOR = YES;
				GCC_WARN_UNINITIALIZED_AUTOS = YES_AGGRESSIVE;
				GCC_WARN_UNUSED_FUNCTION = YES;
				GCC_WARN_UNUSED_VARIABLE = YES;
				HEADER_SEARCH_PATHS = /usr/local/include;
				LIBRARY_SEARCH_PATHS = /usr/local/lib;
				MACOSX_DEPLOYMENT_TARGET = 10.12;
				MTL_ENABLE_DEBUG_INFO = YES;
				ONLY_ACTIVE_ARCH = YES;
				OTHER_LDFLAGS = (
					"-lportaudio",
					"-lsndfile",
				);
				SDKROOT = macosx;
			};
			name = Debug;
		};
		A3AFD63F1EB16A9000238AEA /* Release */ = {
			isa = XCBuildConfiguration;
			buildSettings = {
				ALWAYS_SEARCH_USER_PATHS = NO;
				CLANG_ANALYZER_NONNULL = YES;
				CLANG_ANALYZER_NUMBER_OBJECT_CONVERSION = YES_AGGRESSIVE;
				CLANG_CXX_LANGUAGE_STANDARD = "gnu++0x";
				CLANG_CXX_LIBRARY = "libc++";
				CLANG_ENABLE_MODULES = YES;
				CLANG_ENABLE_OBJC_ARC = YES;
				CLANG_WARN_BOOL_CONVERSION = YES;
				CLANG_WARN_CONSTANT_CONVERSION = YES;
				CLANG_WARN_DIRECT_OBJC_ISA_USAGE = YES_ERROR;
				CLANG_WARN_DOCUMENTATION_COMMENTS = YES;
				CLANG_WARN_EMPTY_BODY = YES;
				CLANG_WARN_ENUM_CONVERSION = YES;
				CLANG_WARN_INFINITE_RECURSION = YES;
				CLANG_WARN_INT_CONVERSION = YES;
				CLANG_WARN_OBJC_ROOT_CLASS = YES_ERROR;
				CLANG_WARN_SUSPICIOUS_MOVE = YES;
				CLANG_WARN_UNREACHABLE_CODE = YES;
				CLANG_WARN__DUPLICATE_METHOD_MATCH = YES;
				CODE_SIGN_IDENTITY = "-";
				COPY_PHASE_STRIP = NO;
				DEBUG_INFORMATION_FORMAT = "dwarf-with-dsym";
				ENABLE_NS_ASSERTIONS = NO;
				ENABLE_STRICT_OBJC_MSGSEND = YES;
				GCC_C_LANGUAGE_STANDARD = gnu99;
				GCC_NO_COMMON_BLOCKS = YES;
				GCC_WARN_64_TO_32_BIT_CONVERSION = YES;
				GCC_WARN_ABOUT_RETURN_TYPE = YES_ERROR;
				GCC_WARN_UNDECLARED_SELECTOR = YES;
				GCC_WARN_UNINITIALIZED_AUTOS = YES_AGGRESSIVE;
				GCC_WARN_UNUSED_FUNCTION = YES;
				GCC_WARN_UNUSED_VARIABLE = YES;
				HEADER_SEARCH_PATHS = /usr/local/include;
				LIBRARY_SEARCH_PATHS = /usr/local/lib;
				MACOSX_DEPLOYMENT_TARGET = 10.12;
				MTL_ENABLE_DEBUG_INFO = NO;
				OTHER_LDFLAGS = (
					"-lportaudio",
					"-lsndfile",
				);
				SDKROOT = macosx;
			};
			name = Release;
		};
		A3AFD6411EB16A9000238AEA /* Debug */ = {
			isa = XCBuildConfiguration;
			buildSettings = {
				DEVELOPMENT_TEAM = E9AX325F7B;
				EXECUTABLE_PREFIX = lib;
				PRODUCT_NAME = "$(TARGET_NAME)";
			};
			name = Debug;
		};
		A3AFD6421EB16A9000238AEA /* Release */ = {
			isa = XCBuildConfiguration;
			buildSettings = {
				DEVELOPMENT_TEAM = E9AX325F7B;
				EXECUTABLE_PREFIX = lib;
				PRODUCT_NAME = "$(TARGET_NAME)";
			};
			name = Release;
		};
		A3E82B211ED0A1A100E52E8B /* Debug */ = {
			isa = XCBuildConfiguration;
			buildSettings = {
				DEVELOPMENT_TEAM = E9AX325F7B;
				OTHER_LDFLAGS = (
					"-lportaudio",
					"-lsndfile",
					"-laputils",
				);
				PRODUCT_NAME = "$(TARGET_NAME)";
			};
			name = Debug;
		};
		A3E82B221ED0A1A100E52E8B /* Release */ = {
			isa = XCBuildConfiguration;
			buildSettings = {
				DEVELOPMENT_TEAM = E9AX325F7B;
				OTHER_LDFLAGS = (
					"-lportaudio",
					"-lsndfile",
					"-laputils",
				);
				PRODUCT_NAME = "$(TARGET_NAME)";
			};
			name = Release;
		};
/* End XCBuildConfiguration section */

/* Begin XCConfigurationList section */
		A3AFD6371EB16A9000238AEA /* Build configuration list for PBXProject "libaputils" */ = {
			isa = XCConfigurationList;
			buildConfigurations = (
				A3AFD63E1EB16A9000238AEA /* Debug */,
				A3AFD63F1EB16A9000238AEA /* Release */,
			);
			defaultConfigurationIsVisible = 0;
			defaultConfigurationName = Release;
		};
		A3AFD6401EB16A9000238AEA /* Build configuration list for PBXNativeTarget "libaputils" */ = {
			isa = XCConfigurationList;
			buildConfigurations = (
				A3AFD6411EB16A9000238AEA /* Debug */,
				A3AFD6421EB16A9000238AEA /* Release */,
			);
			defaultConfigurationIsVisible = 0;
			defaultConfigurationName = Release;
		};
		A3E82B201ED0A1A100E52E8B /* Build configuration list for PBXNativeTarget "dsptest" */ = {
			isa = XCConfigurationList;
			buildConfigurations = (
				A3E82B211ED0A1A100E52E8B /* Debug */,
				A3E82B221ED0A1A100E52E8B /* Release */,
			);
			defaultConfigurationIsVisible = 0;
			defaultConfigurationName = Release;
		};
/* End XCConfigurationList section */
	};
	rootObject = A3AFD6341EB16A9000238AEA /* Project object */;
}
